
Microsoft Visual Studio Solution File, Format Version 12.00
# Visual Studio 14
VisualStudioVersion = 14.0.25420.1
MinimumVisualStudioVersion = 10.0.40219.1
Project("{8BC9CEB8-8B4A-11D0-8D11-00A0C91BC942}") = "CFH.Win32", "CFH.Win32\CFH.Win32.vcxproj", "{E69956CC-35EB-4EB2-835F-B56D2BDBE102}"
	ProjectSection(ProjectDependencies) = postProject
		{B9CF24E5-E7E1-4C96-9246-9C68483CE362} = {B9CF24E5-E7E1-4C96-9246-9C68483CE362}
	EndProjectSection
EndProject
Project("{8BC9CEB8-8B4A-11D0-8D11-00A0C91BC942}") = "CFH.Core", "CFH.Core\CFH.Core.vcxproj", "{B9CF24E5-E7E1-4C96-9246-9C68483CE362}"
EndProject
Project("{8BC9CEB8-8B4A-11D0-8D11-00A0C91BC942}") = "CFH.Sandbox", "CFH.Sandbox\CFH.Sandbox.vcxproj", "{D5F4BBA3-E3DA-481E-B45C-0D36786BA3B5}"
EndProject
Global
	GlobalSection(SolutionConfigurationPlatforms) = preSolution
		Debug|x64 = Debug|x64
		Debug|x86 = Debug|x86
		Release|x64 = Release|x64
		Release|x86 = Release|x86
	EndGlobalSection
	GlobalSection(ProjectConfigurationPlatforms) = postSolution
		{E69956CC-35EB-4EB2-835F-B56D2BDBE102}.Debug|x64.ActiveCfg = Debug|x64
		{E69956CC-35EB-4EB2-835F-B56D2BDBE102}.Debug|x64.Build.0 = Debug|x64
		{E69956CC-35EB-4EB2-835F-B56D2BDBE102}.Debug|x86.ActiveCfg = Debug|Win32
		{E69956CC-35EB-4EB2-835F-B56D2BDBE102}.Debug|x86.Build.0 = Debug|Win32
		{E69956CC-35EB-4EB2-835F-B56D2BDBE102}.Release|x64.ActiveCfg = Release|x64
		{E69956CC-35EB-4EB2-835F-B56D2BDBE102}.Release|x64.Build.0 = Release|x64
		{E69956CC-35EB-4EB2-835F-B56D2BDBE102}.Release|x86.ActiveCfg = Release|Win32
		{E69956CC-35EB-4EB2-835F-B56D2BDBE102}.Release|x86.Build.0 = Release|Win32
		{B9CF24E5-E7E1-4C96-9246-9C68483CE362}.Debug|x64.ActiveCfg = Debug|x64
		{B9CF24E5-E7E1-4C96-9246-9C68483CE362}.Debug|x64.Build.0 = Debug|x64
		{B9CF24E5-E7E1-4C96-9246-9C68483CE362}.Debug|x86.ActiveCfg = Debug|Win32
		{B9CF24E5-E7E1-4C96-9246-9C68483CE362}.Debug|x86.Build.0 = Debug|Win32
		{B9CF24E5-E7E1-4C96-9246-9C68483CE362}.Release|x64.ActiveCfg = Release|x64
		{B9CF24E5-E7E1-4C96-9246-9C68483CE362}.Release|x64.Build.0 = Release|x64
		{B9CF24E5-E7E1-4C96-9246-9C68483CE362}.Release|x86.ActiveCfg = Release|Win32
		{B9CF24E5-E7E1-4C96-9246-9C68483CE362}.Release|x86.Build.0 = Release|Win32
		{D5F4BBA3-E3DA-481E-B45C-0D36786BA3B5}.Debug|x64.ActiveCfg = Debug|x64
		{D5F4BBA3-E3DA-481E-B45C-0D36786BA3B5}.Debug|x64.Build.0 = Debug|x64
		{D5F4BBA3-E3DA-481E-B45C-0D36786BA3B5}.Debug|x86.ActiveCfg = Debug|Win32
		{D5F4BBA3-E3DA-481E-B45C-0D36786BA3B5}.Debug|x86.Build.0 = Debug|Win32
		{D5F4BBA3-E3DA-481E-B45C-0D36786BA3B5}.Release|x64.ActiveCfg = Release|x64
		{D5F4BBA3-E3DA-481E-B45C-0D36786BA3B5}.Release|x64.Build.0 = Release|x64
		{D5F4BBA3-E3DA-481E-B45C-0D36786BA3B5}.Release|x86.ActiveCfg = Release|Win32
		{D5F4BBA3-E3DA-481E-B45C-0D36786BA3B5}.Release|x86.Build.0 = Release|Win32
	EndGlobalSection
	GlobalSection(SolutionProperties) = preSolution
		HideSolutionNode = FALSE
	EndGlobalSection
EndGlobal
